lockfileVersion: '6.0'

settings:
  autoInstallPeers: true
  excludeLinksFromLockfile: false

importers:

  .:
    dependencies:
      '@changesets/cli':
        specifier: ^2.27.1
        version: 2.27.1
    devDependencies:
      '@types/node':
        specifier: ^20.0.0
        version: 20.0.0
      '@typescript-eslint/eslint-plugin':
        specifier: ^6.0.0
        version: 6.0.0
      '@typescript-eslint/parser':
        specifier: ^6.0.0
        version: 6.0.0
      dependency-cruiser:
        specifier: ^15.0.0
        version: 15.0.0
      eslint:
        specifier: ^8.50.0
        version: 8.50.0
      jest:
        specifier: ^29.7.0
        version: 29.7.0
      prettier:
        specifier: ^3.0.0
        version: 3.0.0
      tsup:
        specifier: ^8.0.0
        version: 8.0.0
      turbo:
        specifier: ^1.10.0
        version: 1.10.0
      typescript:
        specifier: ^5.2.0
        version: 5.2.0

packages:
  /@changesets/cli@2.27.1:
    resolution: {integrity: sha512-sample}
    hasBin: true
    dev: false

  /@types/node@20.0.0:
    resolution: {integrity: sha512-sample}
    dev: true

  /@typescript-eslint/eslint-plugin@6.0.0:
    resolution: {integrity: sha512-sample}
    dev: true

  /@typescript-eslint/parser@6.0.0:
    resolution: {integrity: sha512-sample}
    dev: true

  /dependency-cruiser@15.0.0:
    resolution: {integrity: sha512-sample}
    hasBin: true
    dev: true

  /eslint@8.50.0:
    resolution: {integrity: sha512-sample}
    hasBin: true
    dev: true

  /jest@29.7.0:
    resolution: {integrity: sha512-sample}
    hasBin: true
    dev: true

  /prettier@3.0.0:
    resolution: {integrity: sha512-sample}
    hasBin: true
    dev: true

  /tsup@8.0.0:
    resolution: {integrity: sha512-sample}
    hasBin: true
    dev: true

  /turbo@1.10.0:
    resolution: {integrity: sha512-sample}
    hasBin: true
    dev: true

  /typescript@5.2.0:
    resolution: {integrity: sha512-sample}
    hasBin: true
    dev: true
