lockfileVersion: '6.0'

settings:
  autoInstallPeers: true
  excludeLinksFromLockfile: false

importers:
  .:
    devDependencies:
      '@changesets/cli':
        specifier: ^2.27.0
        version: 2.27.0
      '@types/node':
        specifier: ^20.0.0
        version: 20.0.0
      '@typescript-eslint/eslint-plugin':
        specifier: ^6.0.0
        version: 6.0.0
      '@typescript-eslint/parser':
        specifier: ^6.0.0
        version: 6.0.0
      dependency-cruiser:
        specifier: ^16.0.0
        version: 16.0.0
      eslint:
        specifier: ^8.50.0
        version: 8.50.0
      jest:
        specifier: ^29.0.0
        version: 29.0.0
      prettier:
        specifier: ^3.3.3
        version: 3.3.3
      tsup:
        specifier: ^8.0.0
        version: 8.0.0
      turbo:
        specifier: ^1.13.0
        version: 1.13.0
      typescript:
        specifier: ^5.2.0
        version: 5.2.0

packages: {}